# This file is automatically @generated by Cargo.
# It is not intended for manual editing.
version = 3

[[package]]
name = "adler"
version = "1.0.2"
source = "registry+https://github.com/rust-lang/crates.io-index"
checksum = "f26201604c87b1e01bd3d98f8d5d9a8fcbb815e8cedb41ffccbeb4bf593a35fe"

[[package]]
name = "aes"
version = "0.8.4"
source = "registry+https://github.com/rust-lang/crates.io-index"
checksum = "b169f7a6d4742236a0a00c541b845991d0ac43e546831af1249753ab4c3aa3a0"
dependencies = [
 "cfg-if",
 "cipher",
 "cpufeatures",
]

[[package]]
name = "arbitrary"
version = "1.3.2"
source = "registry+https://github.com/rust-lang/crates.io-index"
checksum = "7d5a26814d8dcb93b0e5a0ff3c6d80a8843bafb21b39e8e18a6f05471870e110"
dependencies = [
 "derive_arbitrary",
]

[[package]]
name = "block-buffer"
version = "0.10.4"
source = "registry+https://github.com/rust-lang/crates.io-index"
checksum = "3078c7629b62d3f0439517fa394996acacc5cbc91c5a20d8c658e77abd503a71"
dependencies = [
 "generic-array",
]

[[package]]
name = "byteorder"
version = "1.5.0"
source = "registry+https://github.com/rust-lang/crates.io-index"
checksum = "1fd0f2584146f6f2ef48085050886acf353beff7305ebd1ae69500e27c67f64b"

[[package]]
name = "bzip2"
version = "0.4.4"
source = "registry+https://github.com/rust-lang/crates.io-index"
checksum = "bdb116a6ef3f6c3698828873ad02c3014b3c85cadb88496095628e3ef1e347f8"
dependencies = [
 "bzip2-sys",
 "libc",
]

[[package]]
name = "bzip2-sys"
version = "0.1.11+1.0.8"
source = "registry+https://github.com/rust-lang/crates.io-index"
checksum = "736a955f3fa7875102d57c82b8cac37ec45224a07fd32d58f9f7a186b6cd4cdc"
dependencies = [
 "cc",
 "libc",
 "pkg-config",
]

[[package]]
name = "cc"
version = "1.0.95"
source = "registry+https://github.com/rust-lang/crates.io-index"
checksum = "d32a725bc159af97c3e629873bb9f88fb8cf8a4867175f76dc987815ea07c83b"
dependencies = [
 "jobserver",
 "libc",
 "once_cell",
]

[[package]]
name = "cfg-if"
version = "1.0.0"
source = "registry+https://github.com/rust-lang/crates.io-index"
checksum = "baf1de4339761588bc0619e3cbc0120ee582ebb74b53b4efbf79117bd2da40fd"

[[package]]
name = "cipher"
version = "0.4.4"
source = "registry+https://github.com/rust-lang/crates.io-index"
checksum = "773f3b9af64447d2ce9850330c473515014aa235e6a783b02db81ff39e4a3dad"
dependencies = [
 "crypto-common",
 "inout",
]

[[package]]
name = "cmake"
version = "0.1.50"
source = "registry+https://github.com/rust-lang/crates.io-index"
checksum = "a31c789563b815f77f4250caee12365734369f942439b7defd71e18a48197130"
dependencies = [
 "cc",
]

[[package]]
name = "constant_time_eq"
version = "0.3.0"
source = "registry+https://github.com/rust-lang/crates.io-index"
checksum = "f7144d30dcf0fafbce74250a3963025d8d52177934239851c917d29f1df280c2"

[[package]]
name = "cpufeatures"
version = "0.2.12"
source = "registry+https://github.com/rust-lang/crates.io-index"
checksum = "53fe5e26ff1b7aef8bca9c6080520cfb8d9333c7568e1829cef191a9723e5504"
dependencies = [
 "libc",
]

[[package]]
name = "crc"
version = "3.2.1"
source = "registry+https://github.com/rust-lang/crates.io-index"
checksum = "69e6e4d7b33a94f0991c26729976b10ebde1d34c3ee82408fb536164fa10d636"
dependencies = [
 "crc-catalog",
]

[[package]]
name = "crc-catalog"
version = "2.4.0"
source = "registry+https://github.com/rust-lang/crates.io-index"
checksum = "19d374276b40fb8bbdee95aef7c7fa6b5316ec764510eb64b8dd0e2ed0d7e7f5"

[[package]]
name = "crc32fast"
version = "1.4.0"
source = "registry+https://github.com/rust-lang/crates.io-index"
checksum = "b3855a8a784b474f333699ef2bbca9db2c4a1f6d9088a90a2d25b1eb53111eaa"
dependencies = [
 "cfg-if",
]

[[package]]
name = "crossbeam-utils"
version = "0.8.19"
source = "registry+https://github.com/rust-lang/crates.io-index"
checksum = "248e3bacc7dc6baa3b21e405ee045c3047101a49145e7e9eca583ab4c2ca5345"

[[package]]
name = "crypto-common"
version = "0.1.6"
source = "registry+https://github.com/rust-lang/crates.io-index"
checksum = "1bfb12502f3fc46cca1bb51ac28df9d618d813cdc3d2f25b9fe775a34af26bb3"
dependencies = [
 "generic-array",
 "typenum",
]

[[package]]
name = "deflate64"
version = "0.1.8"
source = "registry+https://github.com/rust-lang/crates.io-index"
checksum = "83ace6c86376be0b6cdcf3fb41882e81d94b31587573d1cfa9d01cd06bba210d"

[[package]]
name = "deranged"
version = "0.3.11"
source = "registry+https://github.com/rust-lang/crates.io-index"
checksum = "b42b6fa04a440b495c8b04d0e71b707c585f83cb9cb28cf8cd0d976c315e31b4"
dependencies = [
 "powerfmt",
]

[[package]]
name = "derive_arbitrary"
version = "1.3.2"
source = "registry+https://github.com/rust-lang/crates.io-index"
checksum = "67e77553c4162a157adbf834ebae5b415acbecbeafc7a74b0e886657506a7611"
dependencies = [
 "proc-macro2",
 "quote",
 "syn",
]

[[package]]
name = "digest"
version = "0.10.7"
source = "registry+https://github.com/rust-lang/crates.io-index"
checksum = "9ed9a281f7bc9b7576e61468ba615a66a5c8cfdff42420a70aa82701a3b1e292"
dependencies = [
 "block-buffer",
 "crypto-common",
 "subtle",
]

[[package]]
name = "encoding_rs"
version = "0.8.34"
source = "registry+https://github.com/rust-lang/crates.io-index"
checksum = "b45de904aa0b010bce2ab45264d0631681847fa7b6f2eaa7dab7619943bc4f59"
dependencies = [
 "cfg-if",
]

[[package]]
name = "encoding_rs_io"
version = "0.1.7"
source = "registry+https://github.com/rust-lang/crates.io-index"
checksum = "1cc3c5651fb62ab8aa3103998dade57efdd028544bd300516baa31840c252a83"
dependencies = [
 "encoding_rs",
]

[[package]]
name = "flate2"
version = "1.0.29"
source = "registry+https://github.com/rust-lang/crates.io-index"
checksum = "4556222738635b7a3417ae6130d8f52201e45a0c4d1a907f0826383adb5f85e7"
dependencies = [
 "crc32fast",
 "libz-ng-sys",
 "miniz_oxide",
]

[[package]]
name = "generic-array"
version = "0.14.7"
source = "registry+https://github.com/rust-lang/crates.io-index"
checksum = "85649ca51fd72272d7821adaf274ad91c288277713d9c18820d8499a7ff69e9a"
dependencies = [
 "typenum",
 "version_check",
]

[[package]]
name = "hmac"
version = "0.12.1"
source = "registry+https://github.com/rust-lang/crates.io-index"
checksum = "6c49c37c09c17a53d937dfbb742eb3a961d65a994e6bcdcf37e7399d0cc8ab5e"
dependencies = [
 "digest",
]

[[package]]
name = "inout"
version = "0.1.3"
source = "registry+https://github.com/rust-lang/crates.io-index"
checksum = "a0c10553d664a4d0bcff9f4215d0aac67a639cc68ef660840afe309b807bc9f5"
dependencies = [
 "generic-array",
]

[[package]]
name = "jobserver"
version = "0.1.31"
source = "registry+https://github.com/rust-lang/crates.io-index"
checksum = "d2b099aaa34a9751c5bf0878add70444e1ed2dd73f347be99003d4577277de6e"
dependencies = [
 "libc",
]

[[package]]
name = "libc"
version = "0.2.153"
source = "registry+https://github.com/rust-lang/crates.io-index"
checksum = "9c198f91728a82281a64e1f4f9eeb25d82cb32a5de251c6bd1b5154d63a8e7bd"

[[package]]
name = "libz-ng-sys"
version = "1.1.15"
source = "registry+https://github.com/rust-lang/crates.io-index"
checksum = "c6409efc61b12687963e602df8ecf70e8ddacf95bc6576bcf16e3ac6328083c5"
dependencies = [
 "cmake",
 "libc",
]

[[package]]
name = "log"
version = "0.4.21"
source = "registry+https://github.com/rust-lang/crates.io-index"
checksum = "90ed8c1e510134f979dbc4f070f87d4313098b704861a105fe34231c70a3901c"

[[package]]
name = "lzma-rs"
version = "0.3.0"
source = "registry+https://github.com/rust-lang/crates.io-index"
checksum = "297e814c836ae64db86b36cf2a557ba54368d03f6afcd7d947c266692f71115e"
dependencies = [
 "byteorder",
 "crc",
]

[[package]]
name = "memchr"
version = "2.7.2"
source = "registry+https://github.com/rust-lang/crates.io-index"
checksum = "6c8640c5d730cb13ebd907d8d04b52f55ac9a2eec55b440c8892f40d56c76c1d"

[[package]]
name = "miniz_oxide"
version = "0.7.2"
source = "registry+https://github.com/rust-lang/crates.io-index"
checksum = "9d811f3e15f28568be3407c8e7fdb6514c1cda3cb30683f15b6a1a1dc4ea14a7"
dependencies = [
 "adler",
]

[[package]]
name = "ndjt-xml-rust"
version = "0.1.0"
dependencies = [
 "encoding_rs_io",
 "quick-xml",
 "zip",
]

[[package]]
name = "num-conv"
version = "0.1.0"
source = "registry+https://github.com/rust-lang/crates.io-index"
checksum = "51d515d32fb182ee37cda2ccdcb92950d6a3c2893aa280e540671c2cd0f3b1d9"

[[package]]
name = "once_cell"
version = "1.19.0"
source = "registry+https://github.com/rust-lang/crates.io-index"
checksum = "3fdb12b2476b595f9358c5161aa467c2438859caa136dec86c26fdd2efe17b92"

[[package]]
name = "pbkdf2"
version = "0.12.2"
source = "registry+https://github.com/rust-lang/crates.io-index"
checksum = "f8ed6a7761f76e3b9f92dfb0a60a6a6477c61024b775147ff0973a02653abaf2"
dependencies = [
 "digest",
 "hmac",
]

[[package]]
name = "pkg-config"
version = "0.3.30"
source = "registry+https://github.com/rust-lang/crates.io-index"
checksum = "d231b230927b5e4ad203db57bbcbee2802f6bce620b1e4a9024a07d94e2907ec"

[[package]]
name = "powerfmt"
version = "0.2.0"
source = "registry+https://github.com/rust-lang/crates.io-index"
checksum = "439ee305def115ba05938db6eb1644ff94165c5ab5e9420d1c1bcedbba909391"

[[package]]
name = "proc-macro2"
version = "1.0.81"
source = "registry+https://github.com/rust-lang/crates.io-index"
checksum = "3d1597b0c024618f09a9c3b8655b7e430397a36d23fdafec26d6965e9eec3eba"
dependencies = [
 "unicode-ident",
]

[[package]]
name = "quick-xml"
version = "0.31.0"
source = "registry+https://github.com/rust-lang/crates.io-index"
checksum = "1004a344b30a54e2ee58d66a71b32d2db2feb0a31f9a2d302bf0536f15de2a33"
dependencies = [
 "memchr",
]

[[package]]
name = "quote"
version = "1.0.36"
source = "registry+https://github.com/rust-lang/crates.io-index"
checksum = "0fa76aaf39101c457836aec0ce2316dbdc3ab723cdda1c6bd4e6ad4208acaca7"
dependencies = [
 "proc-macro2",
]

[[package]]
name = "serde"
version = "1.0.198"
source = "registry+https://github.com/rust-lang/crates.io-index"
checksum = "9846a40c979031340571da2545a4e5b7c4163bdae79b301d5f86d03979451fcc"
dependencies = [
 "serde_derive",
]

[[package]]
name = "serde_derive"
version = "1.0.198"
source = "registry+https://github.com/rust-lang/crates.io-index"
checksum = "e88edab869b01783ba905e7d0153f9fc1a6505a96e4ad3018011eedb838566d9"
dependencies = [
 "proc-macro2",
 "quote",
 "syn",
]

[[package]]
name = "sha1"
version = "0.10.6"
source = "registry+https://github.com/rust-lang/crates.io-index"
checksum = "e3bf829a2d51ab4a5ddf1352d8470c140cadc8301b2ae1789db023f01cedd6ba"
dependencies = [
 "cfg-if",
 "cpufeatures",
 "digest",
]

[[package]]
name = "simd-adler32"
version = "0.3.7"
source = "registry+https://github.com/rust-lang/crates.io-index"
checksum = "d66dc143e6b11c1eddc06d5c423cfc97062865baf299914ab64caa38182078fe"

[[package]]
name = "subtle"
version = "2.5.0"
source = "registry+https://github.com/rust-lang/crates.io-index"
checksum = "81cdd64d312baedb58e21336b31bc043b77e01cc99033ce76ef539f78e965ebc"

[[package]]
name = "syn"
version = "2.0.60"
source = "registry+https://github.com/rust-lang/crates.io-index"
checksum = "909518bc7b1c9b779f1bbf07f2929d35af9f0f37e47c6e9ef7f9dddc1e1821f3"
dependencies = [
 "proc-macro2",
 "quote",
 "unicode-ident",
]

[[package]]
name = "time"
version = "0.3.36"
source = "registry+https://github.com/rust-lang/crates.io-index"
checksum = "5dfd88e563464686c916c7e46e623e520ddc6d79fa6641390f2e3fa86e83e885"
dependencies = [
 "deranged",
 "num-conv",
 "powerfmt",
 "serde",
 "time-core",
]

[[package]]
name = "time-core"
version = "0.1.2"
source = "registry+https://github.com/rust-lang/crates.io-index"
checksum = "ef927ca75afb808a4d64dd374f00a2adf8d0fcff8e7b184af886c3c87ec4a3f3"

[[package]]
name = "typed-arena"
version = "2.0.2"
source = "registry+https://github.com/rust-lang/crates.io-index"
checksum = "6af6ae20167a9ece4bcb41af5b80f8a1f1df981f6391189ce00fd257af04126a"

[[package]]
name = "typenum"
version = "1.17.0"
source = "registry+https://github.com/rust-lang/crates.io-index"
checksum = "42ff0bf0c66b8238c6f3b578df37d0b7848e55df8577b3f74f92a69acceeb825"

[[package]]
name = "unicode-ident"
version = "1.0.12"
source = "registry+https://github.com/rust-lang/crates.io-index"
checksum = "3354b9ac3fae1ff6755cb6db53683adb661634f67557942dea4facebec0fee4b"

[[package]]
name = "version_check"
version = "0.9.4"
source = "registry+https://github.com/rust-lang/crates.io-index"
checksum = "49874b5167b65d7193b8aba1567f5c7d93d001cafc34600cee003eda787e483f"

[[package]]
name = "zip"
version = "1.1.1"
source = "registry+https://github.com/rust-lang/crates.io-index"
checksum = "f2655979068a1f8fa91cb9e8e5b9d3ee54d18e0ddc358f2f4a395afc0929a84b"
dependencies = [
 "aes",
 "arbitrary",
 "byteorder",
 "bzip2",
 "constant_time_eq",
 "crc32fast",
 "crossbeam-utils",
 "deflate64",
 "flate2",
 "hmac",
 "lzma-rs",
 "pbkdf2",
 "sha1",
 "time",
 "zopfli",
 "zstd",
]

[[package]]
name = "zopfli"
version = "0.8.0"
source = "registry+https://github.com/rust-lang/crates.io-index"
checksum = "5c1f48f3508a3a3f2faee01629564400bc12260f6214a056d06a3aaaa6ef0736"
dependencies = [
 "crc32fast",
 "log",
 "simd-adler32",
 "typed-arena",
]

[[package]]
name = "zstd"
version = "0.13.1"
source = "registry+https://github.com/rust-lang/crates.io-index"
checksum = "2d789b1514203a1120ad2429eae43a7bd32b90976a7bb8a05f7ec02fa88cc23a"
dependencies = [
 "zstd-safe",
]

[[package]]
name = "zstd-safe"
version = "7.1.0"
source = "registry+https://github.com/rust-lang/crates.io-index"
checksum = "1cd99b45c6bc03a018c8b8a86025678c87e55526064e38f9df301989dce7ec0a"
dependencies = [
 "zstd-sys",
]

[[package]]
name = "zstd-sys"
version = "2.0.10+zstd.1.5.6"
source = "registry+https://github.com/rust-lang/crates.io-index"
checksum = "c253a4914af5bafc8fa8c86ee400827e83cf6ec01195ec1f1ed8441bf00d65aa"
dependencies = [
 "cc",
 "pkg-config",
]
